{
  "name": "chr-eps-backend",
  "lockfileVersion": 3,
  "requires": true,
  "packages": {
    "": {
      "dependencies": {
        "@tanstack/react-query": "^5.97.0",
        "@tanstack/react-query-devtools": "^5.97.0"
      }
    },
    "node_modules/@tanstack/query-core": {
      "version": "5.97.0",
      "resolved": "https://registry.npmjs.org/@tanstack/query-core/-/query-core-5.97.0.tgz",
      "integrity": "sha512-QdpLP5VzVMgo4VtaPppRA2W04UFjIqX+bxke/ZJhE5cfd5UPkRzqIAJQt9uXkQJjqE8LBOMbKv7f8HCsZltXlg==",
      "license": "MIT",
      "funding": {
        "type": "github",
        "url": "https://github.com/sponsors/tannerlinsley"
      }
    },
    "node_modules/@tanstack/query-devtools": {
      "version": "5.97.0",
      "resolved": "https://registry.npmjs.org/@tanstack/query-devtools/-/query-devtools-5.97.0.tgz",
      "integrity": "sha512-ZMjAuYhQCKwKLKFMrD+HJDehHwWBVTGOuWBf4vEjR9unO+UGUjQ1mw2TuVbQKoLN/eRwB7qtlPsWBqobBoRBMQ==",
      "license": "MIT",
      "funding": {
        "type": "github",
        "url": "https://github.com/sponsors/tannerlinsley"
      }
    },
    "node_modules/@tanstack/react-query": {
      "version": "5.97.0",
      "resolved": "https://registry.npmjs.org/@tanstack/react-query/-/react-query-5.97.0.tgz",
      "integrity": "sha512-y4So4eGcQoK2WVMAcDNZE9ofB/p5v1OlKvtc1F3uqHwrtifobT7q+ZnXk2mRkc8E84HKYSlAE9z6HXl2V0+ySQ==",
      "license": "MIT",
      "dependencies": {
        "@tanstack/query-core": "5.97.0"
      },
      "funding": {
        "type": "github",
        "url": "https://github.com/sponsors/tannerlinsley"
      },
      "peerDependencies": {
        "react": "^18 || ^19"
      }
    },
    "node_modules/@tanstack/react-query-devtools": {
      "version": "5.97.0",
      "resolved": "https://registry.npmjs.org/@tanstack/react-query-devtools/-/react-query-devtools-5.97.0.tgz",
      "integrity": "sha512-X4/VZKCbBIRj8cVD/oZCKTwwPmFXrY1VOfwUT5qI/+/JZYAUS+8vGNMqwBXbaAu1ZsVzzDzkT/wtBE/5OtQYGg==",
      "license": "MIT",
      "dependencies": {
        "@tanstack/query-devtools": "5.97.0"
      },
      "funding": {
        "type": "github",
        "url": "https://github.com/sponsors/tannerlinsley"
      },
      "peerDependencies": {
        "@tanstack/react-query": "^5.97.0",
        "react": "^18 || ^19"
      }
    },
    "node_modules/react": {
      "version": "19.2.5",
      "resolved": "https://registry.npmjs.org/react/-/react-19.2.5.tgz",
      "integrity": "sha512-llUJLzz1zTUBrskt2pwZgLq59AemifIftw4aB7JxOqf1HY2FDaGDxgwpAPVzHU1kdWabH7FauP4i1oEeer2WCA==",
      "license": "MIT",
      "peer": true,
      "engines": {
        "node": ">=0.10.0"
      }
    }
  }
}
